
Microsoft Visual Studio Solution File, Format Version 12.00
# Visual Studio 15
VisualStudioVersion = 15.0.27004.2002
MinimumVisualStudioVersion = 10.0.40219.1
Project("{FAE04EC0-301F-11D3-BF4B-00C04F79EFBC}") = "Word", "Word\Word.csproj", "{10B86B6E-0946-4CC4-A01A-3531B4CAAB62}"
EndProject
Global
	GlobalSection(SolutionConfigurationPlatforms) = preSolution
		Debug|Any CPU = Debug|Any CPU
		Release|Any CPU = Release|Any CPU
	EndGlobalSection
	GlobalSection(ProjectConfigurationPlatforms) = postSolution
		{10B86B6E-0946-4CC4-A01A-3531B4CAAB62}.Debug|Any CPU.ActiveCfg = Debug|Any CPU
		{10B86B6E-0946-4CC4-A01A-3531B4CAAB62}.Debug|Any CPU.Build.0 = Debug|Any CPU
		{10B86B6E-0946-4CC4-A01A-3531B4CAAB62}.Release|Any CPU.ActiveCfg = Release|Any CPU
		{10B86B6E-0946-4CC4-A01A-3531B4CAAB62}.Release|Any CPU.Build.0 = Release|Any CPU
	EndGlobalSection
	GlobalSection(SolutionProperties) = preSolution
		HideSolutionNode = FALSE
	EndGlobalSection
	GlobalSection(ExtensibilityGlobals) = postSolution
		SolutionGuid = {9640FF58-0324-4179-92C9-420AF90EFBA0}
	EndGlobalSection
EndGlobal
